
Microsoft Visual Studio Solution File, Format Version 12.00
# Visual Studio Version 17
VisualStudioVersion = 17.5.002.0
MinimumVisualStudioVersion = 10.0.40219.1
Project("{2150E333-8FDC-42A3-9474-1A3956D46DE8}") = "DOTNET", "DOTNET", "{3932FDF6-F18A-4CF0-AB15-3828E01BD128}"
EndProject
Project("{2150E333-8FDC-42A3-9474-1A3956D46DE8}") = "SecurityExercise", "SecurityExercise", "{1BE2AF6F-E6ED-491F-9E14-E2A925686D71}"
EndProject
Project("{9A19103F-16F7-4668-BE54-9A1E7A4F7556}") = "SecurityTask", "DOTNET\SecurityExercise\SecurityTask\SecurityTask.csproj", "{4D6D875F-3127-47D3-93EF-B237BDF37084}"
EndProject
Project("{2150E333-8FDC-42A3-9474-1A3956D46DE8}") = "PracticeApplication", "PracticeApplication", "{3293F4C3-ADFD-411A-A290-EB22310CAC41}"
EndProject
Project("{9A19103F-16F7-4668-BE54-9A1E7A4F7556}") = "PracticeFirstApp", "DOTNET\PracticeApplication\PracticeFirstApp\PracticeFirstApp.csproj", "{E5A93F3B-6EC1-416F-9FA3-ADCED42B3AE7}"
EndProject
Global
	GlobalSection(SolutionConfigurationPlatforms) = preSolution
		Debug|Any CPU = Debug|Any CPU
		Release|Any CPU = Release|Any CPU
	EndGlobalSection
	GlobalSection(ProjectConfigurationPlatforms) = postSolution
		{4D6D875F-3127-47D3-93EF-B237BDF37084}.Debug|Any CPU.ActiveCfg = Debug|Any CPU
		{4D6D875F-3127-47D3-93EF-B237BDF37084}.Debug|Any CPU.Build.0 = Debug|Any CPU
		{4D6D875F-3127-47D3-93EF-B237BDF37084}.Release|Any CPU.ActiveCfg = Release|Any CPU
		{4D6D875F-3127-47D3-93EF-B237BDF37084}.Release|Any CPU.Build.0 = Release|Any CPU
		{E5A93F3B-6EC1-416F-9FA3-ADCED42B3AE7}.Debug|Any CPU.ActiveCfg = Debug|Any CPU
		{E5A93F3B-6EC1-416F-9FA3-ADCED42B3AE7}.Debug|Any CPU.Build.0 = Debug|Any CPU
		{E5A93F3B-6EC1-416F-9FA3-ADCED42B3AE7}.Release|Any CPU.ActiveCfg = Release|Any CPU
		{E5A93F3B-6EC1-416F-9FA3-ADCED42B3AE7}.Release|Any CPU.Build.0 = Release|Any CPU
	EndGlobalSection
	GlobalSection(SolutionProperties) = preSolution
		HideSolutionNode = FALSE
	EndGlobalSection
	GlobalSection(NestedProjects) = preSolution
		{1BE2AF6F-E6ED-491F-9E14-E2A925686D71} = {3932FDF6-F18A-4CF0-AB15-3828E01BD128}
		{4D6D875F-3127-47D3-93EF-B237BDF37084} = {1BE2AF6F-E6ED-491F-9E14-E2A925686D71}
		{3293F4C3-ADFD-411A-A290-EB22310CAC41} = {3932FDF6-F18A-4CF0-AB15-3828E01BD128}
		{E5A93F3B-6EC1-416F-9FA3-ADCED42B3AE7} = {3293F4C3-ADFD-411A-A290-EB22310CAC41}
	EndGlobalSection
	GlobalSection(ExtensibilityGlobals) = postSolution
		SolutionGuid = {82F294B6-C599-4940-A9B4-E4DF5F93BCEF}
	EndGlobalSection
EndGlobal
